
Microsoft Visual Studio Solution File, Format Version 12.00
# Visual Studio Version 16
VisualStudioVersion = 16.0.808.6
MinimumVisualStudioVersion = 10.0.40219.1
Project("{FAE04EC0-301F-11D3-BF4B-00C04F79EFBC}") = "questAPI", "questAPI\questAPI.csproj", "{68CA1657-7BA0-4E9E-B663-FEEF20CB73FA}"
EndProject
Global
	GlobalSection(SolutionConfigurationPlatforms) = preSolution
		Debug|Any CPU = Debug|Any CPU
		Release|Any CPU = Release|Any CPU
	EndGlobalSection
	GlobalSection(ProjectConfigurationPlatforms) = postSolution
		{68CA1657-7BA0-4E9E-B663-FEEF20CB73FA}.Debug|Any CPU.ActiveCfg = Debug|Any CPU
		{68CA1657-7BA0-4E9E-B663-FEEF20CB73FA}.Debug|Any CPU.Build.0 = Debug|Any CPU
		{68CA1657-7BA0-4E9E-B663-FEEF20CB73FA}.Release|Any CPU.ActiveCfg = Release|Any CPU
		{68CA1657-7BA0-4E9E-B663-FEEF20CB73FA}.Release|Any CPU.Build.0 = Release|Any CPU
	EndGlobalSection
	GlobalSection(SolutionProperties) = preSolution
		HideSolutionNode = FALSE
	EndGlobalSection
	GlobalSection(ExtensibilityGlobals) = postSolution
		SolutionGuid = {EDD6AC8D-3AE3-451E-9148-D8C798EA822D}
	EndGlobalSection
EndGlobal
